github.com/buger/goterm v0.0.0-20200322175922-2f3e71b85129 h1:gfAMKE626QEuKG3si0pdTRcr/YEbBoxY+3GOH3gWvl4=
github.com/buger/goterm v0.0.0-20200322175922-2f3e71b85129/go.mod h1:u9UyCz2eTrSGy6fbupqJ54eY5c4IC8gREQ1053dK12U=
github.com/eiannone/keyboard v0.0.0-20200508000154-caf4b762e807 h1:jdjd5e68T4R/j4PWxfZqcKY8KtT9oo8IPNVuV4bSXDQ=
github.com/eiannone/keyboard v0.0.0-20200508000154-caf4b762e807/go.mod h1:Xoiu5VdKMvbRgHuY7+z64lhu/7lvax/22nzASF6GrO8=
github.com/veandco/go-sdl2 v0.4.4 h1:coOJGftOdvNvGoUIZmm4XD+ZRQF4mg9ZVHmH3/42zFQ=
github.com/veandco/go-sdl2 v0.4.4/go.mod h1:FB+kTpX9YTE+urhYiClnRzpOXbiWgaU3+5F2AB78DPg=
golang.org/x/sys v0.0.0-20200724161237-0e2f3a69832c h1:UIcGWL6/wpCfyGuJnRFJRurA+yj8RrW7Q6x2YMCXt6c=
golang.org/x/sys v0.0.0-20200724161237-0e2f3a69832c/go.mod h1:h1NjWce9XRLGQEsW7wpKNCjG9DtNlClVuFLEZdDNbEs=
golang.org/x/text v0.3.3 h1:cokOdA+Jmi5PJGXLlLllQSgYigAEfHXJAERHVMaCc2k=
golang.org/x/text v0.3.3/go.mod h1:5Zoc/QRtKVWzQhOtBMvqHzDpF6irO9z98xDceosuGiQ=
golang.org/x/tools v0.0.0-20180917221912-90fa682c2a6e/go.mod h1:n7NCudcB/nEzxVGmLbDWY5pfWTLqBcC2KZ6jyYvM4mQ=
